
Microsoft Visual Studio Solution File, Format Version 12.00
# Visual Studio Version 17
VisualStudioVersion = 17.5.33424.131
MinimumVisualStudioVersion = 10.0.40219.1
Project("{8BC9CEB8-8B4A-11D0-8D11-00A0C91BC942}") = "Chess", "Chess\Chess.vcxproj", "{E75381D2-C42A-4EBE-9B36-001507C45CCB}"
EndProject
Project("{8BC9CEB8-8B4A-11D0-8D11-00A0C91BC942}") = "Chess_Tests", "Chess_Tests\Chess_Tests.vcxproj", "{A725C622-172F-464F-ABFE-0F8A40795E57}"
EndProject
Project("{8BC9CEB8-8B4A-11D0-8D11-00A0C91BC942}") = "Engine", "Engine\Engine.vcxproj", "{51BC05B8-563D-472B-95F1-62469AFB9FB3}"
EndProject
Project("{8BC9CEB8-8B4A-11D0-8D11-00A0C91BC942}") = "Api", "Api\Api.vcxproj", "{7C48015F-9DD8-4CC1-B591-E2130D87FFEC}"
EndProject
Global
	GlobalSection(SolutionConfigurationPlatforms) = preSolution
		Debug|x64 = Debug|x64
		Debug|x86 = Debug|x86
		Release|x64 = Release|x64
		Release|x86 = Release|x86
	EndGlobalSection
	GlobalSection(ProjectConfigurationPlatforms) = postSolution
		{E75381D2-C42A-4EBE-9B36-001507C45CCB}.Debug|x64.ActiveCfg = Debug|x64
		{E75381D2-C42A-4EBE-9B36-001507C45CCB}.Debug|x64.Build.0 = Debug|x64
		{E75381D2-C42A-4EBE-9B36-001507C45CCB}.Debug|x86.ActiveCfg = Debug|Win32
		{E75381D2-C42A-4EBE-9B36-001507C45CCB}.Debug|x86.Build.0 = Debug|Win32
		{E75381D2-C42A-4EBE-9B36-001507C45CCB}.Release|x64.ActiveCfg = Release|x64
		{E75381D2-C42A-4EBE-9B36-001507C45CCB}.Release|x64.Build.0 = Release|x64
		{E75381D2-C42A-4EBE-9B36-001507C45CCB}.Release|x86.ActiveCfg = Release|Win32
		{E75381D2-C42A-4EBE-9B36-001507C45CCB}.Release|x86.Build.0 = Release|Win32
		{A725C622-172F-464F-ABFE-0F8A40795E57}.Debug|x64.ActiveCfg = Debug|x64
		{A725C622-172F-464F-ABFE-0F8A40795E57}.Debug|x64.Build.0 = Debug|x64
		{A725C622-172F-464F-ABFE-0F8A40795E57}.Debug|x86.ActiveCfg = Debug|Win32
		{A725C622-172F-464F-ABFE-0F8A40795E57}.Debug|x86.Build.0 = Debug|Win32
		{A725C622-172F-464F-ABFE-0F8A40795E57}.Release|x64.ActiveCfg = Release|x64
		{A725C622-172F-464F-ABFE-0F8A40795E57}.Release|x64.Build.0 = Release|x64
		{A725C622-172F-464F-ABFE-0F8A40795E57}.Release|x86.ActiveCfg = Release|Win32
		{A725C622-172F-464F-ABFE-0F8A40795E57}.Release|x86.Build.0 = Release|Win32
		{51BC05B8-563D-472B-95F1-62469AFB9FB3}.Debug|x64.ActiveCfg = Debug|x64
		{51BC05B8-563D-472B-95F1-62469AFB9FB3}.Debug|x64.Build.0 = Debug|x64
		{51BC05B8-563D-472B-95F1-62469AFB9FB3}.Debug|x86.ActiveCfg = Debug|Win32
		{51BC05B8-563D-472B-95F1-62469AFB9FB3}.Debug|x86.Build.0 = Debug|Win32
		{51BC05B8-563D-472B-95F1-62469AFB9FB3}.Release|x64.ActiveCfg = Release|x64
		{51BC05B8-563D-472B-95F1-62469AFB9FB3}.Release|x64.Build.0 = Release|x64
		{51BC05B8-563D-472B-95F1-62469AFB9FB3}.Release|x86.ActiveCfg = Release|Win32
		{51BC05B8-563D-472B-95F1-62469AFB9FB3}.Release|x86.Build.0 = Release|Win32
		{7C48015F-9DD8-4CC1-B591-E2130D87FFEC}.Debug|x64.ActiveCfg = Debug|x64
		{7C48015F-9DD8-4CC1-B591-E2130D87FFEC}.Debug|x64.Build.0 = Debug|x64
		{7C48015F-9DD8-4CC1-B591-E2130D87FFEC}.Debug|x86.ActiveCfg = Debug|Win32
		{7C48015F-9DD8-4CC1-B591-E2130D87FFEC}.Debug|x86.Build.0 = Debug|Win32
		{7C48015F-9DD8-4CC1-B591-E2130D87FFEC}.Release|x64.ActiveCfg = Release|x64
		{7C48015F-9DD8-4CC1-B591-E2130D87FFEC}.Release|x64.Build.0 = Release|x64
		{7C48015F-9DD8-4CC1-B591-E2130D87FFEC}.Release|x86.ActiveCfg = Release|Win32
		{7C48015F-9DD8-4CC1-B591-E2130D87FFEC}.Release|x86.Build.0 = Release|Win32
	EndGlobalSection
	GlobalSection(SolutionProperties) = preSolution
		HideSolutionNode = FALSE
	EndGlobalSection
	GlobalSection(ExtensibilityGlobals) = postSolution
		SolutionGuid = {1A0030A2-1C99-4FFD-8ED6-555CB949E70B}
	EndGlobalSection
EndGlobal
